
Microsoft Visual Studio Solution File, Format Version 12.00
# Visual Studio Version 16
VisualStudioVersion = 16.0.29403.142
MinimumVisualStudioVersion = 10.0.40219.1
Project("{9A19103F-16F7-4668-BE54-9A1E7A4F7556}") = "AppCuerdasVibrantes", "AppCuerdasVibrantes.csproj", "{05DFDB72-8248-41AB-9105-DB6DFE261755}"
EndProject
Global
	GlobalSection(SolutionConfigurationPlatforms) = preSolution
		Debug|Any CPU = Debug|Any CPU
		Release|Any CPU = Release|Any CPU
	EndGlobalSection
	GlobalSection(ProjectConfigurationPlatforms) = postSolution
		{05DFDB72-8248-41AB-9105-DB6DFE261755}.Debug|Any CPU.ActiveCfg = Debug|Any CPU
		{05DFDB72-8248-41AB-9105-DB6DFE261755}.Debug|Any CPU.Build.0 = Debug|Any CPU
		{05DFDB72-8248-41AB-9105-DB6DFE261755}.Release|Any CPU.ActiveCfg = Release|Any CPU
		{05DFDB72-8248-41AB-9105-DB6DFE261755}.Release|Any CPU.Build.0 = Release|Any CPU
	EndGlobalSection
	GlobalSection(SolutionProperties) = preSolution
		HideSolutionNode = FALSE
	EndGlobalSection
	GlobalSection(ExtensibilityGlobals) = postSolution
		SolutionGuid = {F50EDDAC-D742-485A-8746-482384E55393}
	EndGlobalSection
EndGlobal
